train-decoder:
  cmd: julia -t auto --project=. -- scripts/julia/train_decode.jl
  deps:
  - path: data/processed/eeg
    md5: fd1ddbb1423a5157d2755c88e34e780a.dir
    size: 3576667705
    nfiles: 300
  - path: scripts/julia/setup_decode_params.jl
    md5: 0b672e25a41d4ea29f320f0e78054e94
    size: 2258
  outs:
  - path: data/processed/analyses/decode
    md5: 38c6e7334f0895f3e8c84e219cfab977.dir
    size: 804146594
    nfiles: 7
decode-timeline:
  cmd: julia -t auto --project=. -- scripts/julia/process_decode_timeline.jl
  deps:
  - path: data/processed/analyses/decode
    md5: 38c6e7334f0895f3e8c84e219cfab977.dir
    size: 804146594
    nfiles: 7
  - path: data/processed/eeg
    md5: fd1ddbb1423a5157d2755c88e34e780a.dir
    size: 3576667705
    nfiles: 300
  - path: scripts/julia/setup_decode_params.jl
    md5: 0b672e25a41d4ea29f320f0e78054e94
    size: 2258
  outs:
  - path: data/processed/analyses/decode-timeline
    md5: e9c581fa4d50269e410523707b602298.dir
    size: 16933018
    nfiles: 1
